{
  "originHash" : "3410744460d892db4e6f53d7a7dd25e43531f11cf3e400f996006504360a6c0f",
  "pins" : [
    {
      "identity" : "maplibre-gl-native-distribution",
      "kind" : "remoteSourceControl",
      "location" : "https://github.com/maplibre/maplibre-gl-native-distribution.git",
      "state" : {
        "revision" : "e261c2a267d5bcfcebac4238a302ae1f5a5abac9",
        "version" : "7.0.0-pre0"
      }
    }
  ],
  "version" : 3
}
