{
  "originHash" : "d826d2d6f40977ef9981f091e44c8bc270274a24ecd349044a57198961c4f68d",
  "pins" : [
    {
      "identity" : "maplibre-ios-with-plugin-api",
      "kind" : "remoteSourceControl",
      "location" : "https://github.com/louwers/maplibre-ios-with-plugin-api.git",
      "state" : {
        "revision" : "9e2c1e31ef65f8bb17e35e2e0d6fd783ef268baf",
        "version" : "7.0.0-pre1"
      }
    }
  ],
  "version" : 3
}
